
Microsoft Visual Studio Solution File, Format Version 12.00
# Visual Studio 15
VisualStudioVersion = 15.0.28307.168
MinimumVisualStudioVersion = 10.0.40219.1
Project("{FAE04EC0-301F-11D3-BF4B-00C04F79EFBC}") = "PARRHI", "PARRHI.csproj", "{22109AD4-23F1-41B3-B191-95A15F09FA04}"
EndProject
Project("{FAE04EC0-301F-11D3-BF4B-00C04F79EFBC}") = "PARRHITests", "..\PARRHITests\PARRHITests.csproj", "{FEC36177-5AE9-46B3-8B47-A5A5CEF9A2EF}"
EndProject
Project("{FAE04EC0-301F-11D3-BF4B-00C04F79EFBC}") = "PARRHIValidator", "..\PARRHI Validator\PARRHIValidator.csproj", "{BACD0A12-76C7-427E-9B7E-F5716867B57E}"
EndProject
Global
	GlobalSection(SolutionConfigurationPlatforms) = preSolution
		Debug|Any CPU = Debug|Any CPU
		Release|Any CPU = Release|Any CPU
	EndGlobalSection
	GlobalSection(ProjectConfigurationPlatforms) = postSolution
		{22109AD4-23F1-41B3-B191-95A15F09FA04}.Debug|Any CPU.ActiveCfg = Debug|Any CPU
		{22109AD4-23F1-41B3-B191-95A15F09FA04}.Debug|Any CPU.Build.0 = Debug|Any CPU
		{22109AD4-23F1-41B3-B191-95A15F09FA04}.Release|Any CPU.ActiveCfg = Release|Any CPU
		{22109AD4-23F1-41B3-B191-95A15F09FA04}.Release|Any CPU.Build.0 = Release|Any CPU
		{FEC36177-5AE9-46B3-8B47-A5A5CEF9A2EF}.Debug|Any CPU.ActiveCfg = Debug|Any CPU
		{FEC36177-5AE9-46B3-8B47-A5A5CEF9A2EF}.Debug|Any CPU.Build.0 = Debug|Any CPU
		{FEC36177-5AE9-46B3-8B47-A5A5CEF9A2EF}.Release|Any CPU.ActiveCfg = Release|Any CPU
		{FEC36177-5AE9-46B3-8B47-A5A5CEF9A2EF}.Release|Any CPU.Build.0 = Release|Any CPU
		{BACD0A12-76C7-427E-9B7E-F5716867B57E}.Debug|Any CPU.ActiveCfg = Debug|Any CPU
		{BACD0A12-76C7-427E-9B7E-F5716867B57E}.Debug|Any CPU.Build.0 = Debug|Any CPU
		{BACD0A12-76C7-427E-9B7E-F5716867B57E}.Release|Any CPU.ActiveCfg = Release|Any CPU
		{BACD0A12-76C7-427E-9B7E-F5716867B57E}.Release|Any CPU.Build.0 = Release|Any CPU
	EndGlobalSection
	GlobalSection(SolutionProperties) = preSolution
		HideSolutionNode = FALSE
	EndGlobalSection
	GlobalSection(ExtensibilityGlobals) = postSolution
		SolutionGuid = {BB0047FB-FBD1-41A2-9C86-2C417CF0DC30}
	EndGlobalSection
EndGlobal
